
Microsoft Visual Studio Solution File, Format Version 12.00
# Visual Studio Version 16
VisualStudioVersion = 16.0.29409.12
MinimumVisualStudioVersion = 10.0.40219.1
Project("{9A19103F-16F7-4668-BE54-9A1E7A4F7556}") = "AIMoba", "AIMoba\AIMoba.csproj", "{7AACA283-7362-4BC1-92B1-FA679968C9AA}"
EndProject
Project("{FAE04EC0-301F-11D3-BF4B-00C04F79EFBC}") = "AlgorithmTestingConsoleApp", "AlgoritmusTeszteles\AlgorithmTestingConsoleApp.csproj", "{498B09C7-4BC3-4490-8A43-31DDB2E56710}"
EndProject
Global
	GlobalSection(SolutionConfigurationPlatforms) = preSolution
		Debug|Any CPU = Debug|Any CPU
		Release|Any CPU = Release|Any CPU
	EndGlobalSection
	GlobalSection(ProjectConfigurationPlatforms) = postSolution
		{7AACA283-7362-4BC1-92B1-FA679968C9AA}.Debug|Any CPU.ActiveCfg = Debug|Any CPU
		{7AACA283-7362-4BC1-92B1-FA679968C9AA}.Debug|Any CPU.Build.0 = Debug|Any CPU
		{7AACA283-7362-4BC1-92B1-FA679968C9AA}.Release|Any CPU.ActiveCfg = Release|Any CPU
		{7AACA283-7362-4BC1-92B1-FA679968C9AA}.Release|Any CPU.Build.0 = Release|Any CPU
		{498B09C7-4BC3-4490-8A43-31DDB2E56710}.Debug|Any CPU.ActiveCfg = Debug|Any CPU
		{498B09C7-4BC3-4490-8A43-31DDB2E56710}.Debug|Any CPU.Build.0 = Debug|Any CPU
		{498B09C7-4BC3-4490-8A43-31DDB2E56710}.Release|Any CPU.ActiveCfg = Release|Any CPU
		{498B09C7-4BC3-4490-8A43-31DDB2E56710}.Release|Any CPU.Build.0 = Release|Any CPU
	EndGlobalSection
	GlobalSection(SolutionProperties) = preSolution
		HideSolutionNode = FALSE
	EndGlobalSection
	GlobalSection(ExtensibilityGlobals) = postSolution
		SolutionGuid = {301B1052-C587-45F4-A836-7DB613B65FED}
	EndGlobalSection
EndGlobal
